
Microsoft Visual Studio Solution File, Format Version 12.00
# Visual Studio Version 17
VisualStudioVersion = 17.7.34221.43
MinimumVisualStudioVersion = 10.0.40219.1
Project("{9A19103F-16F7-4668-BE54-9A1E7A4F7556}") = "StatePattern", "StatePattern\StatePattern.csproj", "{C422F38D-124D-40E8-9004-383265EB9828}"
EndProject
Project("{9A19103F-16F7-4668-BE54-9A1E7A4F7556}") = "BridgeMode", "BridgeMode\BridgeMode.csproj", "{9E159ECF-DD04-4020-BE81-24E684DB388D}"
EndProject
Project("{9A19103F-16F7-4668-BE54-9A1E7A4F7556}") = "ChainOfResponsibilityPattern", "ChainOfResponsibilityPattern\ChainOfResponsibilityPattern.csproj", "{F4CB63DF-CDFC-4318-8F0E-DCCC78818907}"
EndProject
Project("{9A19103F-16F7-4668-BE54-9A1E7A4F7556}") = "StrategyPattern", "StrategyPattern\StrategyPattern.csproj", "{13650F0E-C10E-4972-9B95-EE1E3E8D6D45}"
EndProject
Project("{FAE04EC0-301F-11D3-BF4B-00C04F79EFBC}") = "test", "test\test.csproj", "{F6332136-971A-4736-92BF-84BC212DD2A7}"
EndProject
Project("{9A19103F-16F7-4668-BE54-9A1E7A4F7556}") = "IntermediumPattern", "IntermediumPattern\IntermediumPattern.csproj", "{49B727E7-FFA3-48DE-80EA-7CD3E3036C5F}"
EndProject
Project("{9A19103F-16F7-4668-BE54-9A1E7A4F7556}") = "ProxyPattern", "ProxyPattern\ProxyPattern.csproj", "{3D84BCF5-5AC3-458D-9A3C-F2185A714EF9}"
EndProject
Project("{9A19103F-16F7-4668-BE54-9A1E7A4F7556}") = "PipelinePattern", "PipelinePattern\PipelinePattern.csproj", "{B62019DC-62B0-4C70-B121-22D40CB6F24A}"
EndProject
Project("{FAE04EC0-301F-11D3-BF4B-00C04F79EFBC}") = "DecorateMode", "DecorateMode\DecorateMode.csproj", "{AA128A8E-7856-4C7C-AF15-3D9B7D12830A}"
EndProject
Project("{FAE04EC0-301F-11D3-BF4B-00C04F79EFBC}") = "TemplateMode", "TemplateMode\TemplateMode.csproj", "{FC505E62-49CD-457A-B3C4-B3649EF2782A}"
EndProject
Project("{FAE04EC0-301F-11D3-BF4B-00C04F79EFBC}") = "FacadeMode", "FacadeMode\FacadeMode.csproj", "{F6EFFAB1-6C3F-43D4-8794-5F8A55E3F8E8}"
EndProject
Project("{FAE04EC0-301F-11D3-BF4B-00C04F79EFBC}") = "LiskovSubstitutionPrinciple", "LiskovSubstitutionPrinciple\LiskovSubstitutionPrinciple.csproj", "{4F41AB91-FF5D-4CA9-B3A0-1B707831A6EE}"
EndProject
Global
	GlobalSection(SolutionConfigurationPlatforms) = preSolution
		Debug|Any CPU = Debug|Any CPU
		Release|Any CPU = Release|Any CPU
	EndGlobalSection
	GlobalSection(ProjectConfigurationPlatforms) = postSolution
		{C422F38D-124D-40E8-9004-383265EB9828}.Debug|Any CPU.ActiveCfg = Debug|Any CPU
		{C422F38D-124D-40E8-9004-383265EB9828}.Debug|Any CPU.Build.0 = Debug|Any CPU
		{C422F38D-124D-40E8-9004-383265EB9828}.Release|Any CPU.ActiveCfg = Release|Any CPU
		{C422F38D-124D-40E8-9004-383265EB9828}.Release|Any CPU.Build.0 = Release|Any CPU
		{9E159ECF-DD04-4020-BE81-24E684DB388D}.Debug|Any CPU.ActiveCfg = Debug|Any CPU
		{9E159ECF-DD04-4020-BE81-24E684DB388D}.Debug|Any CPU.Build.0 = Debug|Any CPU
		{9E159ECF-DD04-4020-BE81-24E684DB388D}.Release|Any CPU.ActiveCfg = Release|Any CPU
		{9E159ECF-DD04-4020-BE81-24E684DB388D}.Release|Any CPU.Build.0 = Release|Any CPU
		{F4CB63DF-CDFC-4318-8F0E-DCCC78818907}.Debug|Any CPU.ActiveCfg = Debug|Any CPU
		{F4CB63DF-CDFC-4318-8F0E-DCCC78818907}.Debug|Any CPU.Build.0 = Debug|Any CPU
		{F4CB63DF-CDFC-4318-8F0E-DCCC78818907}.Release|Any CPU.ActiveCfg = Release|Any CPU
		{F4CB63DF-CDFC-4318-8F0E-DCCC78818907}.Release|Any CPU.Build.0 = Release|Any CPU
		{13650F0E-C10E-4972-9B95-EE1E3E8D6D45}.Debug|Any CPU.ActiveCfg = Debug|Any CPU
		{13650F0E-C10E-4972-9B95-EE1E3E8D6D45}.Debug|Any CPU.Build.0 = Debug|Any CPU
		{13650F0E-C10E-4972-9B95-EE1E3E8D6D45}.Release|Any CPU.ActiveCfg = Release|Any CPU
		{13650F0E-C10E-4972-9B95-EE1E3E8D6D45}.Release|Any CPU.Build.0 = Release|Any CPU
		{F6332136-971A-4736-92BF-84BC212DD2A7}.Debug|Any CPU.ActiveCfg = Debug|Any CPU
		{F6332136-971A-4736-92BF-84BC212DD2A7}.Debug|Any CPU.Build.0 = Debug|Any CPU
		{F6332136-971A-4736-92BF-84BC212DD2A7}.Release|Any CPU.ActiveCfg = Release|Any CPU
		{F6332136-971A-4736-92BF-84BC212DD2A7}.Release|Any CPU.Build.0 = Release|Any CPU
		{49B727E7-FFA3-48DE-80EA-7CD3E3036C5F}.Debug|Any CPU.ActiveCfg = Debug|Any CPU
		{49B727E7-FFA3-48DE-80EA-7CD3E3036C5F}.Debug|Any CPU.Build.0 = Debug|Any CPU
		{49B727E7-FFA3-48DE-80EA-7CD3E3036C5F}.Release|Any CPU.ActiveCfg = Release|Any CPU
		{49B727E7-FFA3-48DE-80EA-7CD3E3036C5F}.Release|Any CPU.Build.0 = Release|Any CPU
		{3D84BCF5-5AC3-458D-9A3C-F2185A714EF9}.Debug|Any CPU.ActiveCfg = Debug|Any CPU
		{3D84BCF5-5AC3-458D-9A3C-F2185A714EF9}.Debug|Any CPU.Build.0 = Debug|Any CPU
		{3D84BCF5-5AC3-458D-9A3C-F2185A714EF9}.Release|Any CPU.ActiveCfg = Release|Any CPU
		{3D84BCF5-5AC3-458D-9A3C-F2185A714EF9}.Release|Any CPU.Build.0 = Release|Any CPU
		{B62019DC-62B0-4C70-B121-22D40CB6F24A}.Debug|Any CPU.ActiveCfg = Debug|Any CPU
		{B62019DC-62B0-4C70-B121-22D40CB6F24A}.Debug|Any CPU.Build.0 = Debug|Any CPU
		{B62019DC-62B0-4C70-B121-22D40CB6F24A}.Release|Any CPU.ActiveCfg = Release|Any CPU
		{B62019DC-62B0-4C70-B121-22D40CB6F24A}.Release|Any CPU.Build.0 = Release|Any CPU
		{AA128A8E-7856-4C7C-AF15-3D9B7D12830A}.Debug|Any CPU.ActiveCfg = Debug|Any CPU
		{AA128A8E-7856-4C7C-AF15-3D9B7D12830A}.Debug|Any CPU.Build.0 = Debug|Any CPU
		{AA128A8E-7856-4C7C-AF15-3D9B7D12830A}.Release|Any CPU.ActiveCfg = Release|Any CPU
		{AA128A8E-7856-4C7C-AF15-3D9B7D12830A}.Release|Any CPU.Build.0 = Release|Any CPU
		{FC505E62-49CD-457A-B3C4-B3649EF2782A}.Debug|Any CPU.ActiveCfg = Debug|Any CPU
		{FC505E62-49CD-457A-B3C4-B3649EF2782A}.Debug|Any CPU.Build.0 = Debug|Any CPU
		{FC505E62-49CD-457A-B3C4-B3649EF2782A}.Release|Any CPU.ActiveCfg = Release|Any CPU
		{FC505E62-49CD-457A-B3C4-B3649EF2782A}.Release|Any CPU.Build.0 = Release|Any CPU
		{F6EFFAB1-6C3F-43D4-8794-5F8A55E3F8E8}.Debug|Any CPU.ActiveCfg = Debug|Any CPU
		{F6EFFAB1-6C3F-43D4-8794-5F8A55E3F8E8}.Debug|Any CPU.Build.0 = Debug|Any CPU
		{F6EFFAB1-6C3F-43D4-8794-5F8A55E3F8E8}.Release|Any CPU.ActiveCfg = Release|Any CPU
		{F6EFFAB1-6C3F-43D4-8794-5F8A55E3F8E8}.Release|Any CPU.Build.0 = Release|Any CPU
		{4F41AB91-FF5D-4CA9-B3A0-1B707831A6EE}.Debug|Any CPU.ActiveCfg = Debug|Any CPU
		{4F41AB91-FF5D-4CA9-B3A0-1B707831A6EE}.Debug|Any CPU.Build.0 = Debug|Any CPU
		{4F41AB91-FF5D-4CA9-B3A0-1B707831A6EE}.Release|Any CPU.ActiveCfg = Release|Any CPU
		{4F41AB91-FF5D-4CA9-B3A0-1B707831A6EE}.Release|Any CPU.Build.0 = Release|Any CPU
	EndGlobalSection
	GlobalSection(SolutionProperties) = preSolution
		HideSolutionNode = FALSE
	EndGlobalSection
	GlobalSection(ExtensibilityGlobals) = postSolution
		SolutionGuid = {A2ACAD96-2B15-41A5-9E83-FA0E15FFABA9}
	EndGlobalSection
EndGlobal
